
Microsoft Visual Studio Solution File, Format Version 12.00
# Visual Studio 15
VisualStudioVersion = 15.0.26124.0
MinimumVisualStudioVersion = 15.0.26124.0
Project("{FAE04EC0-301F-11D3-BF4B-00C04F79EFBC}") = "Crimson", "Crimson\Crimson.csproj", "{73C3F5CB-49D5-4976-BDEA-B6431AE8EC04}"
EndProject
Project("{FAE04EC0-301F-11D3-BF4B-00C04F79EFBC}") = "Crimson.UI", "Crimson.UI\Crimson.UI.csproj", "{AB918BEA-FF43-4AAC-B2B1-7B5AFFDB86AF}"
EndProject
Project("{FAE04EC0-301F-11D3-BF4B-00C04F79EFBC}") = "Crimson.Tests", "Crimson.Tests\Crimson.Tests.csproj", "{11AA796A-993B-4A46-92DD-2BDD1D53442A}"
EndProject
Global
	GlobalSection(SolutionConfigurationPlatforms) = preSolution
		Debug|Any CPU = Debug|Any CPU
		Debug|x64 = Debug|x64
		Debug|x86 = Debug|x86
		Release|Any CPU = Release|Any CPU
		Release|x64 = Release|x64
		Release|x86 = Release|x86
	EndGlobalSection
	GlobalSection(SolutionProperties) = preSolution
		HideSolutionNode = FALSE
	EndGlobalSection
	GlobalSection(ProjectConfigurationPlatforms) = postSolution
		{73C3F5CB-49D5-4976-BDEA-B6431AE8EC04}.Debug|Any CPU.ActiveCfg = Debug|Any CPU
		{73C3F5CB-49D5-4976-BDEA-B6431AE8EC04}.Debug|Any CPU.Build.0 = Debug|Any CPU
		{73C3F5CB-49D5-4976-BDEA-B6431AE8EC04}.Debug|x64.ActiveCfg = Debug|Any CPU
		{73C3F5CB-49D5-4976-BDEA-B6431AE8EC04}.Debug|x64.Build.0 = Debug|Any CPU
		{73C3F5CB-49D5-4976-BDEA-B6431AE8EC04}.Debug|x86.ActiveCfg = Debug|Any CPU
		{73C3F5CB-49D5-4976-BDEA-B6431AE8EC04}.Debug|x86.Build.0 = Debug|Any CPU
		{73C3F5CB-49D5-4976-BDEA-B6431AE8EC04}.Release|Any CPU.ActiveCfg = Release|Any CPU
		{73C3F5CB-49D5-4976-BDEA-B6431AE8EC04}.Release|Any CPU.Build.0 = Release|Any CPU
		{73C3F5CB-49D5-4976-BDEA-B6431AE8EC04}.Release|x64.ActiveCfg = Release|Any CPU
		{73C3F5CB-49D5-4976-BDEA-B6431AE8EC04}.Release|x64.Build.0 = Release|Any CPU
		{73C3F5CB-49D5-4976-BDEA-B6431AE8EC04}.Release|x86.ActiveCfg = Release|Any CPU
		{73C3F5CB-49D5-4976-BDEA-B6431AE8EC04}.Release|x86.Build.0 = Release|Any CPU
		{AB918BEA-FF43-4AAC-B2B1-7B5AFFDB86AF}.Debug|Any CPU.ActiveCfg = Debug|Any CPU
		{AB918BEA-FF43-4AAC-B2B1-7B5AFFDB86AF}.Debug|Any CPU.Build.0 = Debug|Any CPU
		{AB918BEA-FF43-4AAC-B2B1-7B5AFFDB86AF}.Debug|x64.ActiveCfg = Debug|Any CPU
		{AB918BEA-FF43-4AAC-B2B1-7B5AFFDB86AF}.Debug|x64.Build.0 = Debug|Any CPU
		{AB918BEA-FF43-4AAC-B2B1-7B5AFFDB86AF}.Debug|x86.ActiveCfg = Debug|Any CPU
		{AB918BEA-FF43-4AAC-B2B1-7B5AFFDB86AF}.Debug|x86.Build.0 = Debug|Any CPU
		{AB918BEA-FF43-4AAC-B2B1-7B5AFFDB86AF}.Release|Any CPU.ActiveCfg = Release|Any CPU
		{AB918BEA-FF43-4AAC-B2B1-7B5AFFDB86AF}.Release|Any CPU.Build.0 = Release|Any CPU
		{AB918BEA-FF43-4AAC-B2B1-7B5AFFDB86AF}.Release|x64.ActiveCfg = Release|Any CPU
		{AB918BEA-FF43-4AAC-B2B1-7B5AFFDB86AF}.Release|x64.Build.0 = Release|Any CPU
		{AB918BEA-FF43-4AAC-B2B1-7B5AFFDB86AF}.Release|x86.ActiveCfg = Release|Any CPU
		{AB918BEA-FF43-4AAC-B2B1-7B5AFFDB86AF}.Release|x86.Build.0 = Release|Any CPU
		{11AA796A-993B-4A46-92DD-2BDD1D53442A}.Debug|Any CPU.ActiveCfg = Debug|Any CPU
		{11AA796A-993B-4A46-92DD-2BDD1D53442A}.Debug|Any CPU.Build.0 = Debug|Any CPU
		{11AA796A-993B-4A46-92DD-2BDD1D53442A}.Debug|x64.ActiveCfg = Debug|Any CPU
		{11AA796A-993B-4A46-92DD-2BDD1D53442A}.Debug|x64.Build.0 = Debug|Any CPU
		{11AA796A-993B-4A46-92DD-2BDD1D53442A}.Debug|x86.ActiveCfg = Debug|Any CPU
		{11AA796A-993B-4A46-92DD-2BDD1D53442A}.Debug|x86.Build.0 = Debug|Any CPU
		{11AA796A-993B-4A46-92DD-2BDD1D53442A}.Release|Any CPU.ActiveCfg = Release|Any CPU
		{11AA796A-993B-4A46-92DD-2BDD1D53442A}.Release|Any CPU.Build.0 = Release|Any CPU
		{11AA796A-993B-4A46-92DD-2BDD1D53442A}.Release|x64.ActiveCfg = Release|Any CPU
		{11AA796A-993B-4A46-92DD-2BDD1D53442A}.Release|x64.Build.0 = Release|Any CPU
		{11AA796A-993B-4A46-92DD-2BDD1D53442A}.Release|x86.ActiveCfg = Release|Any CPU
		{11AA796A-993B-4A46-92DD-2BDD1D53442A}.Release|x86.Build.0 = Release|Any CPU
	EndGlobalSection
EndGlobal
